
Microsoft Visual Studio Solution File, Format Version 12.00
# Visual Studio Version 17
VisualStudioVersion = 17.5.002.0
MinimumVisualStudioVersion = 10.0.40219.1
Project("{9A19103F-16F7-4668-BE54-9A1E7A4F7556}") = "csharp", "csharp\csharp.csproj", "{F984ECFF-FE18-456A-9F11-789454DFCB87}"
EndProject
Global
	GlobalSection(SolutionConfigurationPlatforms) = preSolution
		Debug|Any CPU = Debug|Any CPU
		Release|Any CPU = Release|Any CPU
	EndGlobalSection
	GlobalSection(ProjectConfigurationPlatforms) = postSolution
		{F984ECFF-FE18-456A-9F11-789454DFCB87}.Debug|Any CPU.ActiveCfg = Debug|Any CPU
		{F984ECFF-FE18-456A-9F11-789454DFCB87}.Debug|Any CPU.Build.0 = Debug|Any CPU
		{F984ECFF-FE18-456A-9F11-789454DFCB87}.Release|Any CPU.ActiveCfg = Release|Any CPU
		{F984ECFF-FE18-456A-9F11-789454DFCB87}.Release|Any CPU.Build.0 = Release|Any CPU
	EndGlobalSection
	GlobalSection(SolutionProperties) = preSolution
		HideSolutionNode = FALSE
	EndGlobalSection
	GlobalSection(ExtensibilityGlobals) = postSolution
		SolutionGuid = {C0C6BF2E-7E97-457D-8547-69772834230A}
	EndGlobalSection
EndGlobal
